
Microsoft Visual Studio Solution File, Format Version 12.00
# Visual Studio Version 16
VisualStudioVersion = 16.0.30320.27
MinimumVisualStudioVersion = 10.0.40219.1
Project("{FAE04EC0-301F-11D3-BF4B-00C04F79EFBC}") = "PAV1", "PAV1\PAV1.csproj", "{903C4597-68CE-4F02-A0E5-29F2BB12D4B9}"
EndProject
Global
	GlobalSection(SolutionConfigurationPlatforms) = preSolution
		Debug|Any CPU = Debug|Any CPU
		Release|Any CPU = Release|Any CPU
	EndGlobalSection
	GlobalSection(ProjectConfigurationPlatforms) = postSolution
		{903C4597-68CE-4F02-A0E5-29F2BB12D4B9}.Debug|Any CPU.ActiveCfg = Debug|Any CPU
		{903C4597-68CE-4F02-A0E5-29F2BB12D4B9}.Debug|Any CPU.Build.0 = Debug|Any CPU
		{903C4597-68CE-4F02-A0E5-29F2BB12D4B9}.Release|Any CPU.ActiveCfg = Release|Any CPU
		{903C4597-68CE-4F02-A0E5-29F2BB12D4B9}.Release|Any CPU.Build.0 = Release|Any CPU
	EndGlobalSection
	GlobalSection(SolutionProperties) = preSolution
		HideSolutionNode = FALSE
	EndGlobalSection
	GlobalSection(ExtensibilityGlobals) = postSolution
		SolutionGuid = {1746B175-3D7D-4B26-A4EC-115046E08C4E}
	EndGlobalSection
EndGlobal
